
Microsoft Visual Studio Solution File, Format Version 12.00
# Visual Studio 15
VisualStudioVersion = 15.0.28307.1705
MinimumVisualStudioVersion = 10.0.40219.1
Project("{8BC9CEB8-8B4A-11D0-8D11-00A0C91BC942}") = "5.36", "5.36\5.36.vcxproj", "{CC9A1901-FA68-4415-9914-9066BC7E180C}"
EndProject
Global
	GlobalSection(SolutionConfigurationPlatforms) = preSolution
		Debug|x64 = Debug|x64
		Debug|x86 = Debug|x86
		Release|x64 = Release|x64
		Release|x86 = Release|x86
	EndGlobalSection
	GlobalSection(ProjectConfigurationPlatforms) = postSolution
		{CC9A1901-FA68-4415-9914-9066BC7E180C}.Debug|x64.ActiveCfg = Debug|x64
		{CC9A1901-FA68-4415-9914-9066BC7E180C}.Debug|x64.Build.0 = Debug|x64
		{CC9A1901-FA68-4415-9914-9066BC7E180C}.Debug|x86.ActiveCfg = Debug|Win32
		{CC9A1901-FA68-4415-9914-9066BC7E180C}.Debug|x86.Build.0 = Debug|Win32
		{CC9A1901-FA68-4415-9914-9066BC7E180C}.Release|x64.ActiveCfg = Release|x64
		{CC9A1901-FA68-4415-9914-9066BC7E180C}.Release|x64.Build.0 = Release|x64
		{CC9A1901-FA68-4415-9914-9066BC7E180C}.Release|x86.ActiveCfg = Release|Win32
		{CC9A1901-FA68-4415-9914-9066BC7E180C}.Release|x86.Build.0 = Release|Win32
	EndGlobalSection
	GlobalSection(SolutionProperties) = preSolution
		HideSolutionNode = FALSE
	EndGlobalSection
	GlobalSection(ExtensibilityGlobals) = postSolution
		SolutionGuid = {6C22A924-5C15-4DBD-8C23-FE098B17FEDC}
	EndGlobalSection
EndGlobal
